
Microsoft Visual Studio Solution File, Format Version 12.00
# Visual Studio Version 16
VisualStudioVersion = 16.0.30128.74
MinimumVisualStudioVersion = 10.0.40219.1
Project("{FAE04EC0-301F-11D3-BF4B-00C04F79EFBC}") = "projeto_teste", "projeto_teste\projeto_teste.csproj", "{B784C545-47B4-4083-8254-522EE0626AFA}"
EndProject
Global
	GlobalSection(SolutionConfigurationPlatforms) = preSolution
		Debug|Any CPU = Debug|Any CPU
		Release|Any CPU = Release|Any CPU
	EndGlobalSection
	GlobalSection(ProjectConfigurationPlatforms) = postSolution
		{B784C545-47B4-4083-8254-522EE0626AFA}.Debug|Any CPU.ActiveCfg = Debug|Any CPU
		{B784C545-47B4-4083-8254-522EE0626AFA}.Debug|Any CPU.Build.0 = Debug|Any CPU
		{B784C545-47B4-4083-8254-522EE0626AFA}.Release|Any CPU.ActiveCfg = Release|Any CPU
		{B784C545-47B4-4083-8254-522EE0626AFA}.Release|Any CPU.Build.0 = Release|Any CPU
	EndGlobalSection
	GlobalSection(SolutionProperties) = preSolution
		HideSolutionNode = FALSE
	EndGlobalSection
	GlobalSection(ExtensibilityGlobals) = postSolution
		SolutionGuid = {8FA91332-7074-4045-A6E9-9EF91D42FA23}
	EndGlobalSection
EndGlobal
